// !$*UTF8*$!
{
	archiveVersion = 1;
	classes = {
	};
	objectVersion = 50;
	objects = {

/* Begin PBXBuildFile section */
		DB3B722E2678CB9000AD917A /* FructusApp.swift in Sources */ = {isa = PBXBuildFile; fileRef = DB3B722D2678CB9000AD917A /* FructusApp.swift */; };
		DB3B72302678CB9000AD917A /* ContentView.swift in Sources */ = {isa = PBXBuildFile; fileRef = DB3B722F2678CB9000AD917A /* ContentView.swift */; };
		DB3B72322678CB9100AD917A /* Assets.xcassets in Resources */ = {isa = PBXBuildFile; fileRef = DB3B72312678CB9100AD917A /* Assets.xcassets */; };
		DB3B72352678CB9100AD917A /* Preview Assets.xcassets in Resources */ = {isa = PBXBuildFile; fileRef = DB3B72342678CB9100AD917A /* Preview Assets.xcassets */; };
		DB3B723F2678E8F400AD917A /* FruitCardView.swift in Sources */ = {isa = PBXBuildFile; fileRef = DB3B723E2678E8F400AD917A /* FruitCardView.swift */; };
		DB3B72412678F33900AD917A /* StartButtonView.swift in Sources */ = {isa = PBXBuildFile; fileRef = DB3B72402678F33900AD917A /* StartButtonView.swift */; };
		DB3B72432678FF2000AD917A /* OnboardingView.swift in Sources */ = {isa = PBXBuildFile; fileRef = DB3B72422678FF2000AD917A /* OnboardingView.swift */; };
		DBD6856526790DAB008FABE4 /* Fruit.swift in Sources */ = {isa = PBXBuildFile; fileRef = DBD6856426790DAB008FABE4 /* Fruit.swift */; };
		DBD6856A2679E2D8008FABE4 /* FruitData.swift in Sources */ = {isa = PBXBuildFile; fileRef = DBD685692679E2D8008FABE4 /* FruitData.swift */; };
		DBD6856C267A14B9008FABE4 /* FruitRowView.swift in Sources */ = {isa = PBXBuildFile; fileRef = DBD6856B267A14B9008FABE4 /* FruitRowView.swift */; };
/* End PBXBuildFile section */

/* Begin PBXFileReference section */
		DB3B722A2678CB9000AD917A /* Fructus.app */ = {isa = PBXFileReference; explicitFileType = wrapper.application; includeInIndex = 0; path = Fructus.app; sourceTree = BUILT_PRODUCTS_DIR; };
		DB3B722D2678CB9000AD917A /* FructusApp.swift */ = {isa = PBXFileReference; lastKnownFileType = sourcecode.swift; path = FructusApp.swift; sourceTree = "<group>"; };
		DB3B722F2678CB9000AD917A /* ContentView.swift */ = {isa = PBXFileReference; lastKnownFileType = sourcecode.swift; path = ContentView.swift; sourceTree = "<group>"; };
		DB3B72312678CB9100AD917A /* Assets.xcassets */ = {isa = PBXFileReference; lastKnownFileType = folder.assetcatalog; path = Assets.xcassets; sourceTree = "<group>"; };
		DB3B72342678CB9100AD917A /* Preview Assets.xcassets */ = {isa = PBXFileReference; lastKnownFileType = folder.assetcatalog; path = "Preview Assets.xcassets"; sourceTree = "<group>"; };
		DB3B72362678CB9100AD917A /* Info.plist */ = {isa = PBXFileReference; lastKnownFileType = text.plist.xml; path = Info.plist; sourceTree = "<group>"; };
		DB3B723E2678E8F400AD917A /* FruitCardView.swift */ = {isa = PBXFileReference; lastKnownFileType = sourcecode.swift; path = FruitCardView.swift; sourceTree = "<group>"; };
		DB3B72402678F33900AD917A /* StartButtonView.swift */ = {isa = PBXFileReference; lastKnownFileType = sourcecode.swift; path = StartButtonView.swift; sourceTree = "<group>"; };
		DB3B72422678FF2000AD917A /* OnboardingView.swift */ = {isa = PBXFileReference; lastKnownFileType = sourcecode.swift; path = OnboardingView.swift; sourceTree = "<group>"; };
		DBD6856426790DAB008FABE4 /* Fruit.swift */ = {isa = PBXFileReference; lastKnownFileType = sourcecode.swift; path = Fruit.swift; sourceTree = "<group>"; };
		DBD685692679E2D8008FABE4 /* FruitData.swift */ = {isa = PBXFileReference; lastKnownFileType = sourcecode.swift; path = FruitData.swift; sourceTree = "<group>"; };
		DBD6856B267A14B9008FABE4 /* FruitRowView.swift */ = {isa = PBXFileReference; lastKnownFileType = sourcecode.swift; path = FruitRowView.swift; sourceTree = "<group>"; };
/* End PBXFileReference section */

/* Begin PBXFrameworksBuildPhase section */
		DB3B72272678CB9000AD917A /* Frameworks */ = {
			isa = PBXFrameworksBuildPhase;
			buildActionMask = 2147483647;
			files = (
			);
			runOnlyForDeploymentPostprocessing = 0;
		};
/* End PBXFrameworksBuildPhase section */

/* Begin PBXGroup section */
		DB3B72212678CB9000AD917A = {
			isa = PBXGroup;
			children = (
				DB3B722C2678CB9000AD917A /* Fructus */,
				DB3B722B2678CB9000AD917A /* Products */,
			);
			sourceTree = "<group>";
		};
		DB3B722B2678CB9000AD917A /* Products */ = {
			isa = PBXGroup;
			children = (
				DB3B722A2678CB9000AD917A /* Fructus.app */,
			);
			name = Products;
			sourceTree = "<group>";
		};
		DB3B722C2678CB9000AD917A /* Fructus */ = {
			isa = PBXGroup;
			children = (
				DBD685682679E2C7008FABE4 /* Data */,
				DBD6856326790D99008FABE4 /* Model */,
				DB3B723D2678D1BE00AD917A /* View */,
				DB3B723C2678D18B00AD917A /* App */,
				DB3B72312678CB9100AD917A /* Assets.xcassets */,
				DB3B72362678CB9100AD917A /* Info.plist */,
				DB3B72332678CB9100AD917A /* Preview Content */,
			);
			path = Fructus;
			sourceTree = "<group>";
		};
		DB3B72332678CB9100AD917A /* Preview Content */ = {
			isa = PBXGroup;
			children = (
				DB3B72342678CB9100AD917A /* Preview Assets.xcassets */,
			);
			path = "Preview Content";
			sourceTree = "<group>";
		};
		DB3B723C2678D18B00AD917A /* App */ = {
			isa = PBXGroup;
			children = (
				DB3B722D2678CB9000AD917A /* FructusApp.swift */,
				DB3B722F2678CB9000AD917A /* ContentView.swift */,
				DB3B72422678FF2000AD917A /* OnboardingView.swift */,
			);
			path = App;
			sourceTree = "<group>";
		};
		DB3B723D2678D1BE00AD917A /* View */ = {
			isa = PBXGroup;
			children = (
				DB3B723E2678E8F400AD917A /* FruitCardView.swift */,
				DB3B72402678F33900AD917A /* StartButtonView.swift */,
				DBD6856B267A14B9008FABE4 /* FruitRowView.swift */,
			);
			path = View;
			sourceTree = "<group>";
		};
		DBD6856326790D99008FABE4 /* Model */ = {
			isa = PBXGroup;
			children = (
				DBD6856426790DAB008FABE4 /* Fruit.swift */,
			);
			path = Model;
			sourceTree = "<group>";
		};
		DBD685682679E2C7008FABE4 /* Data */ = {
			isa = PBXGroup;
			children = (
				DBD685692679E2D8008FABE4 /* FruitData.swift */,
			);
			path = Data;
			sourceTree = "<group>";
		};
/* End PBXGroup section */

/* Begin PBXNativeTarget section */
		DB3B72292678CB9000AD917A /* Fructus */ = {
			isa = PBXNativeTarget;
			buildConfigurationList = DB3B72392678CB9100AD917A /* Build configuration list for PBXNativeTarget "Fructus" */;
			buildPhases = (
				DB3B72262678CB9000AD917A /* Sources */,
				DB3B72272678CB9000AD917A /* Frameworks */,
				DB3B72282678CB9000AD917A /* Resources */,
			);
			buildRules = (
			);
			dependencies = (
			);
			name = Fructus;
			productName = Fructus;
			productReference = DB3B722A2678CB9000AD917A /* Fructus.app */;
			productType = "com.apple.product-type.application";
		};
/* End PBXNativeTarget section */

/* Begin PBXProject section */
		DB3B72222678CB9000AD917A /* Project object */ = {
			isa = PBXProject;
			attributes = {
				LastSwiftUpdateCheck = 1250;
				LastUpgradeCheck = 1250;
				TargetAttributes = {
					DB3B72292678CB9000AD917A = {
						CreatedOnToolsVersion = 12.5;
					};
				};
			};
			buildConfigurationList = DB3B72252678CB9000AD917A /* Build configuration list for PBXProject "Fructus" */;
			compatibilityVersion = "Xcode 9.3";
			developmentRegion = en;
			hasScannedForEncodings = 0;
			knownRegions = (
				en,
				Base,
			);
			mainGroup = DB3B72212678CB9000AD917A;
			productRefGroup = DB3B722B2678CB9000AD917A /* Products */;
			projectDirPath = "";
			projectRoot = "";
			targets = (
				DB3B72292678CB9000AD917A /* Fructus */,
			);
		};
/* End PBXProject section */

/* Begin PBXResourcesBuildPhase section */
		DB3B72282678CB9000AD917A /* Resources */ = {
			isa = PBXResourcesBuildPhase;
			buildActionMask = 2147483647;
			files = (
				DB3B72352678CB9100AD917A /* Preview Assets.xcassets in Resources */,
				DB3B72322678CB9100AD917A /* Assets.xcassets in Resources */,
			);
			runOnlyForDeploymentPostprocessing = 0;
		};
/* End PBXResourcesBuildPhase section */

/* Begin PBXSourcesBuildPhase section */
		DB3B72262678CB9000AD917A /* Sources */ = {
			isa = PBXSourcesBuildPhase;
			buildActionMask = 2147483647;
			files = (
				DBD6856A2679E2D8008FABE4 /* FruitData.swift in Sources */,
				DBD6856526790DAB008FABE4 /* Fruit.swift in Sources */,
				DBD6856C267A14B9008FABE4 /* FruitRowView.swift in Sources */,
				DB3B723F2678E8F400AD917A /* FruitCardView.swift in Sources */,
				DB3B72412678F33900AD917A /* StartButtonView.swift in Sources */,
				DB3B72302678CB9000AD917A /* ContentView.swift in Sources */,
				DB3B72432678FF2000AD917A /* OnboardingView.swift in Sources */,
				DB3B722E2678CB9000AD917A /* FructusApp.swift in Sources */,
			);
			runOnlyForDeploymentPostprocessing = 0;
		};
/* End PBXSourcesBuildPhase section */

/* Begin XCBuildConfiguration section */
		DB3B72372678CB9100AD917A /* Debug */ = {
			isa = XCBuildConfiguration;
			buildSettings = {
				ALWAYS_SEARCH_USER_PATHS = NO;
				CLANG_ANALYZER_NONNULL = YES;
				CLANG_ANALYZER_NUMBER_OBJECT_CONVERSION = YES_AGGRESSIVE;
				CLANG_CXX_LANGUAGE_STANDARD = "gnu++14";
				CLANG_CXX_LIBRARY = "libc++";
				CLANG_ENABLE_MODULES = YES;
				CLANG_ENABLE_OBJC_ARC = YES;
				CLANG_ENABLE_OBJC_WEAK = YES;
				CLANG_WARN_BLOCK_CAPTURE_AUTORELEASING = YES;
				CLANG_WARN_BOOL_CONVERSION = YES;
				CLANG_WARN_COMMA = YES;
				CLANG_WARN_CONSTANT_CONVERSION = YES;
				CLANG_WARN_DEPRECATED_OBJC_IMPLEMENTATIONS = YES;
				CLANG_WARN_DIRECT_OBJC_ISA_USAGE = YES_ERROR;
				CLANG_WARN_DOCUMENTATION_COMMENTS = YES;
				CLANG_WARN_EMPTY_BODY = YES;
				CLANG_WARN_ENUM_CONVERSION = YES;
				CLANG_WARN_INFINITE_RECURSION = YES;
				CLANG_WARN_INT_CONVERSION = YES;
				CLANG_WARN_NON_LITERAL_NULL_CONVERSION = YES;
				CLANG_WARN_OBJC_IMPLICIT_RETAIN_SELF = YES;
				CLANG_WARN_OBJC_LITERAL_CONVERSION = YES;
				CLANG_WARN_OBJC_ROOT_CLASS = YES_ERROR;
				CLANG_WARN_QUOTED_INCLUDE_IN_FRAMEWORK_HEADER = YES;
				CLANG_WARN_RANGE_LOOP_ANALYSIS = YES;
				CLANG_WARN_STRICT_PROTOTYPES = YES;
				CLANG_WARN_SUSPICIOUS_MOVE = YES;
				CLANG_WARN_UNGUARDED_AVAILABILITY = YES_AGGRESSIVE;
				CLANG_WARN_UNREACHABLE_CODE = YES;
				CLANG_WARN__DUPLICATE_METHOD_MATCH = YES;
				COPY_PHASE_STRIP = NO;
				DEBUG_INFORMATION_FORMAT = dwarf;
				ENABLE_STRICT_OBJC_MSGSEND = YES;
				ENABLE_TESTABILITY = YES;
				GCC_C_LANGUAGE_STANDARD = gnu11;
				GCC_DYNAMIC_NO_PIC = NO;
				GCC_NO_COMMON_BLOCKS = YES;
				GCC_OPTIMIZATION_LEVEL = 0;
				GCC_PREPROCESSOR_DEFINITIONS = (
					"DEBUG=1",
					"$(inherited)",
				);
				GCC_WARN_64_TO_32_BIT_CONVERSION = YES;
				GCC_WARN_ABOUT_RETURN_TYPE = YES_ERROR;
				GCC_WARN_UNDECLARED_SELECTOR = YES;
				GCC_WARN_UNINITIALIZED_AUTOS = YES_AGGRESSIVE;
				GCC_WARN_UNUSED_FUNCTION = YES;
				GCC_WARN_UNUSED_VARIABLE = YES;
				IPHONEOS_DEPLOYMENT_TARGET = 14.5;
				MTL_ENABLE_DEBUG_INFO = INCLUDE_SOURCE;
				MTL_FAST_MATH = YES;
				ONLY_ACTIVE_ARCH = YES;
				SDKROOT = iphoneos;
				SWIFT_ACTIVE_COMPILATION_CONDITIONS = DEBUG;
				SWIFT_OPTIMIZATION_LEVEL = "-Onone";
			};
			name = Debug;
		};
		DB3B72382678CB9100AD917A /* Release */ = {
			isa = XCBuildConfiguration;
			buildSettings = {
				ALWAYS_SEARCH_USER_PATHS = NO;
				CLANG_ANALYZER_NONNULL = YES;
				CLANG_ANALYZER_NUMBER_OBJECT_CONVERSION = YES_AGGRESSIVE;
				CLANG_CXX_LANGUAGE_STANDARD = "gnu++14";
				CLANG_CXX_LIBRARY = "libc++";
				CLANG_ENABLE_MODULES = YES;
				CLANG_ENABLE_OBJC_ARC = YES;
				CLANG_ENABLE_OBJC_WEAK = YES;
				CLANG_WARN_BLOCK_CAPTURE_AUTORELEASING = YES;
				CLANG_WARN_BOOL_CONVERSION = YES;
				CLANG_WARN_COMMA = YES;
				CLANG_WARN_CONSTANT_CONVERSION = YES;
				CLANG_WARN_DEPRECATED_OBJC_IMPLEMENTATIONS = YES;
				CLANG_WARN_DIRECT_OBJC_ISA_USAGE = YES_ERROR;
				CLANG_WARN_DOCUMENTATION_COMMENTS = YES;
				CLANG_WARN_EMPTY_BODY = YES;
				CLANG_WARN_ENUM_CONVERSION = YES;
				CLANG_WARN_INFINITE_RECURSION = YES;
				CLANG_WARN_INT_CONVERSION = YES;
				CLANG_WARN_NON_LITERAL_NULL_CONVERSION = YES;
				CLANG_WARN_OBJC_IMPLICIT_RETAIN_SELF = YES;
				CLANG_WARN_OBJC_LITERAL_CONVERSION = YES;
				CLANG_WARN_OBJC_ROOT_CLASS = YES_ERROR;
				CLANG_WARN_QUOTED_INCLUDE_IN_FRAMEWORK_HEADER = YES;
				CLANG_WARN_RANGE_LOOP_ANALYSIS = YES;
				CLANG_WARN_STRICT_PROTOTYPES = YES;
				CLANG_WARN_SUSPICIOUS_MOVE = YES;
				CLANG_WARN_UNGUARDED_AVAILABILITY = YES_AGGRESSIVE;
				CLANG_WARN_UNREACHABLE_CODE = YES;
				CLANG_WARN__DUPLICATE_METHOD_MATCH = YES;
				COPY_PHASE_STRIP = NO;
				DEBUG_INFORMATION_FORMAT = "dwarf-with-dsym";
				ENABLE_NS_ASSERTIONS = NO;
				ENABLE_STRICT_OBJC_MSGSEND = YES;
				GCC_C_LANGUAGE_STANDARD = gnu11;
				GCC_NO_COMMON_BLOCKS = YES;
				GCC_WARN_64_TO_32_BIT_CONVERSION = YES;
				GCC_WARN_ABOUT_RETURN_TYPE = YES_ERROR;
				GCC_WARN_UNDECLARED_SELECTOR = YES;
				GCC_WARN_UNINITIALIZED_AUTOS = YES_AGGRESSIVE;
				GCC_WARN_UNUSED_FUNCTION = YES;
				GCC_WARN_UNUSED_VARIABLE = YES;
				IPHONEOS_DEPLOYMENT_TARGET = 14.5;
				MTL_ENABLE_DEBUG_INFO = NO;
				MTL_FAST_MATH = YES;
				SDKROOT = iphoneos;
				SWIFT_COMPILATION_MODE = wholemodule;
				SWIFT_OPTIMIZATION_LEVEL = "-O";
				VALIDATE_PRODUCT = YES;
			};
			name = Release;
		};
		DB3B723A2678CB9100AD917A /* Debug */ = {
			isa = XCBuildConfiguration;
			buildSettings = {
				ASSETCATALOG_COMPILER_APPICON_NAME = AppIcon;
				ASSETCATALOG_COMPILER_GLOBAL_ACCENT_COLOR_NAME = AccentColor;
				CODE_SIGN_STYLE = Automatic;
				DEVELOPMENT_ASSET_PATHS = "\"Fructus/Preview Content\"";
				DEVELOPMENT_TEAM = 5YP67MDYBC;
				ENABLE_PREVIEWS = YES;
				INFOPLIST_FILE = Fructus/Info.plist;
				IPHONEOS_DEPLOYMENT_TARGET = 14.0;
				LD_RUNPATH_SEARCH_PATHS = (
					"$(inherited)",
					"@executable_path/Frameworks",
				);
				PRODUCT_BUNDLE_IDENTIFIER = com.kimhwan.Fructus;
				PRODUCT_NAME = "$(TARGET_NAME)";
				SWIFT_VERSION = 5.0;
				TARGETED_DEVICE_FAMILY = "1,2";
			};
			name = Debug;
		};
		DB3B723B2678CB9100AD917A /* Release */ = {
			isa = XCBuildConfiguration;
			buildSettings = {
				ASSETCATALOG_COMPILER_APPICON_NAME = AppIcon;
				ASSETCATALOG_COMPILER_GLOBAL_ACCENT_COLOR_NAME = AccentColor;
				CODE_SIGN_STYLE = Automatic;
				DEVELOPMENT_ASSET_PATHS = "\"Fructus/Preview Content\"";
				DEVELOPMENT_TEAM = 5YP67MDYBC;
				ENABLE_PREVIEWS = YES;
				INFOPLIST_FILE = Fructus/Info.plist;
				IPHONEOS_DEPLOYMENT_TARGET = 14.0;
				LD_RUNPATH_SEARCH_PATHS = (
					"$(inherited)",
					"@executable_path/Frameworks",
				);
				PRODUCT_BUNDLE_IDENTIFIER = com.kimhwan.Fructus;
				PRODUCT_NAME = "$(TARGET_NAME)";
				SWIFT_VERSION = 5.0;
				TARGETED_DEVICE_FAMILY = "1,2";
			};
			name = Release;
		};
/* End XCBuildConfiguration section */

/* Begin XCConfigurationList section */
		DB3B72252678CB9000AD917A /* Build configuration list for PBXProject "Fructus" */ = {
			isa = XCConfigurationList;
			buildConfigurations = (
				DB3B72372678CB9100AD917A /* Debug */,
				DB3B72382678CB9100AD917A /* Release */,
			);
			defaultConfigurationIsVisible = 0;
			defaultConfigurationName = Release;
		};
		DB3B72392678CB9100AD917A /* Build configuration list for PBXNativeTarget "Fructus" */ = {
			isa = XCConfigurationList;
			buildConfigurations = (
				DB3B723A2678CB9100AD917A /* Debug */,
				DB3B723B2678CB9100AD917A /* Release */,
			);
			defaultConfigurationIsVisible = 0;
			defaultConfigurationName = Release;
		};
/* End XCConfigurationList section */
	};
	rootObject = DB3B72222678CB9000AD917A /* Project object */;
}
